// !$*UTF8*$!
{
	archiveVersion = 1;
	classes = {
	};
	objectVersion = 70;
	objects = {

/* Begin PBXBuildFile section */
		2C5D29A02CBDD6E800EB3DB2 /* MainView.swift in Sources */ = {isa = PBXBuildFile; fileRef = 2C5D299F2CBDD6E800EB3DB2 /* MainView.swift */; };
		2C5D29A22CBDD6EA00EB3DB2 /* Assets.xcassets in Resources */ = {isa = PBXBuildFile; fileRef = 2C5D29A12CBDD6EA00EB3DB2 /* Assets.xcassets */; };
		2C5D29A52CBDD6EA00EB3DB2 /* Preview Assets.xcassets in Resources */ = {isa = PBXBuildFile; fileRef = 2C5D29A42CBDD6EA00EB3DB2 /* Preview Assets.xcassets */; };
		2CA6BB882CC2508800CD5840 /* Papalote-MTY-Info.plist in Sources */ = {isa = PBXBuildFile; fileRef = 9105D4012CC1C32800B7CFD5 /* Papalote-MTY-Info.plist */; };
		2CA6BB892CC2512F00CD5840 /* Papalote_MTYApp.swift in Sources */ = {isa = PBXBuildFile; fileRef = 2C5D299D2CBDD6E800EB3DB2 /* Papalote_MTYApp.swift */; };
		2CD2B3462CBE01A4004BBE01 /* HomeViewModel.swift in Sources */ = {isa = PBXBuildFile; fileRef = 2CD2B3452CBE01A4004BBE01 /* HomeViewModel.swift */; };
		2CD2B34E2CBECCD6004BBE01 /* Zona.swift in Sources */ = {isa = PBXBuildFile; fileRef = 2CD2B34D2CBECCD6004BBE01 /* Zona.swift */; };
		2CD2B3512CBECE48004BBE01 /* ColorExtension.swift in Sources */ = {isa = PBXBuildFile; fileRef = 2CD2B3502CBECE48004BBE01 /* ColorExtension.swift */; };
		2CD2B3532CBED0FC004BBE01 /* Evento.swift in Sources */ = {isa = PBXBuildFile; fileRef = 2CD2B3522CBED0FC004BBE01 /* Evento.swift */; };
		2CD2B3552CBED232004BBE01 /* Card.swift in Sources */ = {isa = PBXBuildFile; fileRef = 2CD2B3542CBED232004BBE01 /* Card.swift */; };
		2CD2B3572CBED59A004BBE01 /* Constants.swift in Sources */ = {isa = PBXBuildFile; fileRef = 2CD2B3562CBED59A004BBE01 /* Constants.swift */; };
		2CD8C1C82CC6CB580063E89D /* CircleButtonView.swift in Sources */ = {isa = PBXBuildFile; fileRef = 2CD8C1C72CC6CB580063E89D /* CircleButtonView.swift */; };
		2CD8C1CA2CC6D1820063E89D /* MapViewModel.swift in Sources */ = {isa = PBXBuildFile; fileRef = 2CD8C1C92CC6D1820063E89D /* MapViewModel.swift */; };
		2CD8C2A62CCB5ADF0063E89D /* LocationManager.swift in Sources */ = {isa = PBXBuildFile; fileRef = 2CD8C2A52CCB5ADF0063E89D /* LocationManager.swift */; };
		2CEA466F2CC1C357003C3BF0 /* TriangleView.swift in Sources */ = {isa = PBXBuildFile; fileRef = 2CEA466E2CC1C357003C3BF0 /* TriangleView.swift */; };
		2CEA46712CC1C811003C3BF0 /* CustomRoundedRectangle.swift in Sources */ = {isa = PBXBuildFile; fileRef = 2CEA46702CC1C811003C3BF0 /* CustomRoundedRectangle.swift */; };
		2CEB11412CD0C4210073C1C5 /* Pin.swift in Sources */ = {isa = PBXBuildFile; fileRef = 2CEB11402CD0C4210073C1C5 /* Pin.swift */; };
		4519DFDE2CC339BB00DF6E7F /* Insignia.swift in Sources */ = {isa = PBXBuildFile; fileRef = 4519DFDD2CC339BB00DF6E7F /* Insignia.swift */; };
		4519DFE02CC339EF00DF6E7F /* Visita.swift in Sources */ = {isa = PBXBuildFile; fileRef = 4519DFDF2CC339EF00DF6E7F /* Visita.swift */; };
		4519DFE22CC33A0000DF6E7F /* InsigniaObtenida.swift in Sources */ = {isa = PBXBuildFile; fileRef = 4519DFE12CC33A0000DF6E7F /* InsigniaObtenida.swift */; };
		4519DFE42CC33A6100DF6E7F /* MockDataManager.swift in Sources */ = {isa = PBXBuildFile; fileRef = 4519DFE32CC33A6100DF6E7F /* MockDataManager.swift */; };
		454994982CCDC94300D8E464 /* InstagramSharingUtils.swift in Sources */ = {isa = PBXBuildFile; fileRef = 454994972CCDC94300D8E464 /* InstagramSharingUtils.swift */; };
		454995AE2CD02D7500D8E464 /* ExhibicionObtenida.swift in Sources */ = {isa = PBXBuildFile; fileRef = 454995AD2CD02D6B00D8E464 /* ExhibicionObtenida.swift */; };
		456680D42CC38DD200D88681 /* BadgeScrollView.swift in Sources */ = {isa = PBXBuildFile; fileRef = 456680D32CC38DD200D88681 /* BadgeScrollView.swift */; };
		4578281B2CEC691800B24910 /* AddBackgroundImage.swift in Sources */ = {isa = PBXBuildFile; fileRef = 4578281A2CEC690B00B24910 /* AddBackgroundImage.swift */; };
		45E6BB462CCB5E1B008F39A5 /* sortZonasByOrden.swift in Sources */ = {isa = PBXBuildFile; fileRef = 45E6BB452CCB5E1B008F39A5 /* sortZonasByOrden.swift */; };
		55056AB22CC4604200469742 /* Foto.swift in Sources */ = {isa = PBXBuildFile; fileRef = 55056AB12CC4604200469742 /* Foto.swift */; };
		55056AB42CC4622F00469742 /* Exhibicion.swift in Sources */ = {isa = PBXBuildFile; fileRef = 55056AB32CC4622F00469742 /* Exhibicion.swift */; };
		9105D3F72CC1B90200B7CFD5 /* LoopingVideoPlayer.swift in Sources */ = {isa = PBXBuildFile; fileRef = 9105D3F62CC1B90200B7CFD5 /* LoopingVideoPlayer.swift */; };
		9112ED512CCDB57F004D0F33 /* ZonaResultadoQuiz.swift in Sources */ = {isa = PBXBuildFile; fileRef = 9112ED502CCDB57F004D0F33 /* ZonaResultadoQuiz.swift */; };
		912A8DBE2CEE69CA005455A2 /* NFCTagsList.swift in Sources */ = {isa = PBXBuildFile; fileRef = 912A8DBD2CEE69CA005455A2 /* NFCTagsList.swift */; };
		912A8DC02CEE8121005455A2 /* PopUpTagCorrectoIncorrecto.swift in Sources */ = {isa = PBXBuildFile; fileRef = 912A8DBF2CEE8121005455A2 /* PopUpTagCorrectoIncorrecto.swift */; };
		912A8DC62CEFC9B0005455A2 /* SimpleToast in Frameworks */ = {isa = PBXBuildFile; productRef = 912A8DC52CEFC9B0005455A2 /* SimpleToast */; };
		915EE1832CEBEDFB00540698 /* NFCTag.swift in Sources */ = {isa = PBXBuildFile; fileRef = 915EE1822CEBEDFB00540698 /* NFCTag.swift */; };
		917B08FE2CE2A2C900E7A9DB /* NFCReader.swift in Sources */ = {isa = PBXBuildFile; fileRef = 917B08FD2CE2A2C900E7A9DB /* NFCReader.swift */; };
		9188A6E92CCC5AC6008ADE1E /* Quiz.swift in Sources */ = {isa = PBXBuildFile; fileRef = 9188A6E82CCC5AC6008ADE1E /* Quiz.swift */; };
		919A4F382CC6F31700532171 /* VisitaButton.swift in Sources */ = {isa = PBXBuildFile; fileRef = 919A4F372CC6F31700532171 /* VisitaButton.swift */; };
/* End PBXBuildFile section */

/* Begin PBXFileReference section */
		2C5D299A2CBDD6E800EB3DB2 /* Papalote_MTY.app */ = {isa = PBXFileReference; explicitFileType = wrapper.application; includeInIndex = 0; path = Papalote_MTY.app; sourceTree = BUILT_PRODUCTS_DIR; };
		2C5D299D2CBDD6E800EB3DB2 /* Papalote_MTYApp.swift */ = {isa = PBXFileReference; lastKnownFileType = sourcecode.swift; path = Papalote_MTYApp.swift; sourceTree = "<group>"; };
		2C5D299F2CBDD6E800EB3DB2 /* MainView.swift */ = {isa = PBXFileReference; lastKnownFileType = sourcecode.swift; path = MainView.swift; sourceTree = "<group>"; };
		2C5D29A12CBDD6EA00EB3DB2 /* Assets.xcassets */ = {isa = PBXFileReference; lastKnownFileType = folder.assetcatalog; path = Assets.xcassets; sourceTree = "<group>"; };
		2C5D29A42CBDD6EA00EB3DB2 /* Preview Assets.xcassets */ = {isa = PBXFileReference; lastKnownFileType = folder.assetcatalog; path = "Preview Assets.xcassets"; sourceTree = "<group>"; };
		2CD2B3452CBE01A4004BBE01 /* HomeViewModel.swift */ = {isa = PBXFileReference; lastKnownFileType = sourcecode.swift; path = HomeViewModel.swift; sourceTree = "<group>"; };
		2CD2B34D2CBECCD6004BBE01 /* Zona.swift */ = {isa = PBXFileReference; lastKnownFileType = sourcecode.swift; path = Zona.swift; sourceTree = "<group>"; };
		2CD2B3502CBECE48004BBE01 /* ColorExtension.swift */ = {isa = PBXFileReference; lastKnownFileType = sourcecode.swift; path = ColorExtension.swift; sourceTree = "<group>"; };
		2CD2B3522CBED0FC004BBE01 /* Evento.swift */ = {isa = PBXFileReference; lastKnownFileType = sourcecode.swift; path = Evento.swift; sourceTree = "<group>"; };
		2CD2B3542CBED232004BBE01 /* Card.swift */ = {isa = PBXFileReference; lastKnownFileType = sourcecode.swift; path = Card.swift; sourceTree = "<group>"; };
		2CD2B3562CBED59A004BBE01 /* Constants.swift */ = {isa = PBXFileReference; lastKnownFileType = sourcecode.swift; path = Constants.swift; sourceTree = "<group>"; };
		2CD8C1C72CC6CB580063E89D /* CircleButtonView.swift */ = {isa = PBXFileReference; lastKnownFileType = sourcecode.swift; path = CircleButtonView.swift; sourceTree = "<group>"; };
		2CD8C1C92CC6D1820063E89D /* MapViewModel.swift */ = {isa = PBXFileReference; lastKnownFileType = sourcecode.swift; path = MapViewModel.swift; sourceTree = "<group>"; };
		2CD8C2A52CCB5ADF0063E89D /* LocationManager.swift */ = {isa = PBXFileReference; lastKnownFileType = sourcecode.swift; path = LocationManager.swift; sourceTree = "<group>"; };
		2CEA466E2CC1C357003C3BF0 /* TriangleView.swift */ = {isa = PBXFileReference; lastKnownFileType = sourcecode.swift; path = TriangleView.swift; sourceTree = "<group>"; };
		2CEA46702CC1C811003C3BF0 /* CustomRoundedRectangle.swift */ = {isa = PBXFileReference; lastKnownFileType = sourcecode.swift; path = CustomRoundedRectangle.swift; sourceTree = "<group>"; };
		2CEB11402CD0C4210073C1C5 /* Pin.swift */ = {isa = PBXFileReference; lastKnownFileType = sourcecode.swift; path = Pin.swift; sourceTree = "<group>"; };
		4519DFDD2CC339BB00DF6E7F /* Insignia.swift */ = {isa = PBXFileReference; lastKnownFileType = sourcecode.swift; path = Insignia.swift; sourceTree = "<group>"; };
		4519DFDF2CC339EF00DF6E7F /* Visita.swift */ = {isa = PBXFileReference; lastKnownFileType = sourcecode.swift; path = Visita.swift; sourceTree = "<group>"; };
		4519DFE12CC33A0000DF6E7F /* InsigniaObtenida.swift */ = {isa = PBXFileReference; lastKnownFileType = sourcecode.swift; path = InsigniaObtenida.swift; sourceTree = "<group>"; };
		4519DFE32CC33A6100DF6E7F /* MockDataManager.swift */ = {isa = PBXFileReference; lastKnownFileType = sourcecode.swift; path = MockDataManager.swift; sourceTree = "<group>"; };
		454994972CCDC94300D8E464 /* InstagramSharingUtils.swift */ = {isa = PBXFileReference; lastKnownFileType = sourcecode.swift; path = InstagramSharingUtils.swift; sourceTree = "<group>"; };
		454995AD2CD02D6B00D8E464 /* ExhibicionObtenida.swift */ = {isa = PBXFileReference; lastKnownFileType = sourcecode.swift; path = ExhibicionObtenida.swift; sourceTree = "<group>"; };
		456680D32CC38DD200D88681 /* BadgeScrollView.swift */ = {isa = PBXFileReference; lastKnownFileType = sourcecode.swift; path = BadgeScrollView.swift; sourceTree = "<group>"; };
		4578281A2CEC690B00B24910 /* AddBackgroundImage.swift */ = {isa = PBXFileReference; lastKnownFileType = sourcecode.swift; path = AddBackgroundImage.swift; sourceTree = "<group>"; };
		45E6BB452CCB5E1B008F39A5 /* sortZonasByOrden.swift */ = {isa = PBXFileReference; lastKnownFileType = sourcecode.swift; path = sortZonasByOrden.swift; sourceTree = "<group>"; };
		55056AB12CC4604200469742 /* Foto.swift */ = {isa = PBXFileReference; lastKnownFileType = sourcecode.swift; path = Foto.swift; sourceTree = "<group>"; };
		55056AB32CC4622F00469742 /* Exhibicion.swift */ = {isa = PBXFileReference; lastKnownFileType = sourcecode.swift; path = Exhibicion.swift; sourceTree = "<group>"; };
		9105D3F62CC1B90200B7CFD5 /* LoopingVideoPlayer.swift */ = {isa = PBXFileReference; lastKnownFileType = sourcecode.swift; path = LoopingVideoPlayer.swift; sourceTree = "<group>"; };
		9105D4012CC1C32800B7CFD5 /* Papalote-MTY-Info.plist */ = {isa = PBXFileReference; lastKnownFileType = text.plist; path = "Papalote-MTY-Info.plist"; sourceTree = SOURCE_ROOT; };
		9112ED502CCDB57F004D0F33 /* ZonaResultadoQuiz.swift */ = {isa = PBXFileReference; lastKnownFileType = sourcecode.swift; path = ZonaResultadoQuiz.swift; sourceTree = "<group>"; };
		912A8DBD2CEE69CA005455A2 /* NFCTagsList.swift */ = {isa = PBXFileReference; lastKnownFileType = sourcecode.swift; path = NFCTagsList.swift; sourceTree = "<group>"; };
		912A8DBF2CEE8121005455A2 /* PopUpTagCorrectoIncorrecto.swift */ = {isa = PBXFileReference; lastKnownFileType = sourcecode.swift; path = PopUpTagCorrectoIncorrecto.swift; sourceTree = "<group>"; };
		915EE1822CEBEDFB00540698 /* NFCTag.swift */ = {isa = PBXFileReference; lastKnownFileType = sourcecode.swift; path = NFCTag.swift; sourceTree = "<group>"; };
		917B08FC2CE29ED100E7A9DB /* Papalote_MTY.entitlements */ = {isa = PBXFileReference; lastKnownFileType = text.plist.entitlements; path = Papalote_MTY.entitlements; sourceTree = "<group>"; };
		917B08FD2CE2A2C900E7A9DB /* NFCReader.swift */ = {isa = PBXFileReference; lastKnownFileType = sourcecode.swift; path = NFCReader.swift; sourceTree = "<group>"; };
		9188A6E82CCC5AC6008ADE1E /* Quiz.swift */ = {isa = PBXFileReference; lastKnownFileType = sourcecode.swift; path = Quiz.swift; sourceTree = "<group>"; };
		919A4F372CC6F31700532171 /* VisitaButton.swift */ = {isa = PBXFileReference; lastKnownFileType = sourcecode.swift; path = VisitaButton.swift; sourceTree = "<group>"; };
/* End PBXFileReference section */

/* Begin PBXFileSystemSynchronizedRootGroup section */
		2CD8C2972CCB588E0063E89D /* MapView */ = {isa = PBXFileSystemSynchronizedRootGroup; explicitFileTypes = {}; explicitFolders = (); path = MapView; sourceTree = "<group>"; };
		2CD8C29D2CCB589C0063E89D /* HomeView */ = {isa = PBXFileSystemSynchronizedRootGroup; explicitFileTypes = {}; explicitFolders = (); path = HomeView; sourceTree = "<group>"; };
		2CD8C2A12CCB58A30063E89D /* Layout */ = {isa = PBXFileSystemSynchronizedRootGroup; explicitFileTypes = {}; explicitFolders = (); path = Layout; sourceTree = "<group>"; };
		454994942CCDADEE00D8E464 /* PhotosView */ = {isa = PBXFileSystemSynchronizedRootGroup; explicitFileTypes = {}; explicitFolders = (); path = PhotosView; sourceTree = "<group>"; };
		456680D82CC38F1000D88681 /* BadgesView */ = {isa = PBXFileSystemSynchronizedRootGroup; explicitFileTypes = {}; explicitFolders = (); path = BadgesView; sourceTree = "<group>"; };
		45E6BB812CCC6A4D008F39A5 /* SpecialEventView */ = {isa = PBXFileSystemSynchronizedRootGroup; explicitFileTypes = {}; explicitFolders = (); path = SpecialEventView; sourceTree = "<group>"; };
		55056A702CC3306700469742 /* ZoneView */ = {isa = PBXFileSystemSynchronizedRootGroup; explicitFileTypes = {}; explicitFolders = (); path = ZoneView; sourceTree = "<group>"; };
		9105D3F82CC1BE7B00B7CFD5 /* AssetsExtra */ = {isa = PBXFileSystemSynchronizedRootGroup; explicitFileTypes = {}; explicitFolders = (); path = AssetsExtra; sourceTree = "<group>"; };
		911D02B92CC2FE4C00A820CF /* LandingViews */ = {isa = PBXFileSystemSynchronizedRootGroup; explicitFileTypes = {}; explicitFolders = (); path = LandingViews; sourceTree = "<group>"; };
		9188A7062CCC5D6E008ADE1E /* QuizViews */ = {isa = PBXFileSystemSynchronizedRootGroup; explicitFileTypes = {}; explicitFolders = (); path = QuizViews; sourceTree = "<group>"; };
		919A4F322CC6E73500532171 /* VisitsView */ = {isa = PBXFileSystemSynchronizedRootGroup; explicitFileTypes = {}; explicitFolders = (); path = VisitsView; sourceTree = "<group>"; };
		91EDCBCE2CDAC078009081C6 /* NFCUnblockView */ = {isa = PBXFileSystemSynchronizedRootGroup; explicitFileTypes = {}; explicitFolders = (); path = NFCUnblockView; sourceTree = "<group>"; };
/* End PBXFileSystemSynchronizedRootGroup section */

/* Begin PBXFrameworksBuildPhase section */
		2C5D29972CBDD6E800EB3DB2 /* Frameworks */ = {
			isa = PBXFrameworksBuildPhase;
			buildActionMask = 2147483647;
			files = (
				912A8DC62CEFC9B0005455A2 /* SimpleToast in Frameworks */,
			);
			runOnlyForDeploymentPostprocessing = 0;
		};
/* End PBXFrameworksBuildPhase section */

/* Begin PBXGroup section */
		2C5D29912CBDD6E800EB3DB2 = {
			isa = PBXGroup;
			children = (
				2C5D299C2CBDD6E800EB3DB2 /* Papalote_MTY */,
				2C5D299B2CBDD6E800EB3DB2 /* Products */,
			);
			sourceTree = "<group>";
		};
		2C5D299B2CBDD6E800EB3DB2 /* Products */ = {
			isa = PBXGroup;
			children = (
				2C5D299A2CBDD6E800EB3DB2 /* Papalote_MTY.app */,
			);
			name = Products;
			sourceTree = "<group>";
		};
		2C5D299C2CBDD6E800EB3DB2 /* Papalote_MTY */ = {
			isa = PBXGroup;
			children = (
				917B08FC2CE29ED100E7A9DB /* Papalote_MTY.entitlements */,
				9105D4012CC1C32800B7CFD5 /* Papalote-MTY-Info.plist */,
				9105D3F82CC1BE7B00B7CFD5 /* AssetsExtra */,
				2CD2B34F2CBECE3C004BBE01 /* Utils */,
				2CD2B34C2CBECCC4004BBE01 /* Classes */,
				2CD2B3442CBE0191004BBE01 /* Components */,
				2CD2B3402CBE00F9004BBE01 /* ViewModels */,
				2CD2B33F2CBE00CA004BBE01 /* Views */,
				2C5D29A12CBDD6EA00EB3DB2 /* Assets.xcassets */,
				2C5D29A32CBDD6EA00EB3DB2 /* Preview Content */,
			);
			path = Papalote_MTY;
			sourceTree = "<group>";
		};
		2C5D29A32CBDD6EA00EB3DB2 /* Preview Content */ = {
			isa = PBXGroup;
			children = (
				2C5D29A42CBDD6EA00EB3DB2 /* Preview Assets.xcassets */,
			);
			path = "Preview Content";
			sourceTree = "<group>";
		};
		2CD2B33F2CBE00CA004BBE01 /* Views */ = {
			isa = PBXGroup;
			children = (
				91EDCBCE2CDAC078009081C6 /* NFCUnblockView */,
				454994942CCDADEE00D8E464 /* PhotosView */,
				45E6BB812CCC6A4D008F39A5 /* SpecialEventView */,
				9188A7062CCC5D6E008ADE1E /* QuizViews */,
				919A4F322CC6E73500532171 /* VisitsView */,
				911D02B92CC2FE4C00A820CF /* LandingViews */,
				2CD8C2972CCB588E0063E89D /* MapView */,
				456680D82CC38F1000D88681 /* BadgesView */,
				55056A702CC3306700469742 /* ZoneView */,
				2CD8C2A12CCB58A30063E89D /* Layout */,
				2CD8C29D2CCB589C0063E89D /* HomeView */,
				2C5D299D2CBDD6E800EB3DB2 /* Papalote_MTYApp.swift */,
				2C5D299F2CBDD6E800EB3DB2 /* MainView.swift */,
			);
			path = Views;
			sourceTree = "<group>";
		};
		2CD2B3402CBE00F9004BBE01 /* ViewModels */ = {
			isa = PBXGroup;
			children = (
				2CD2B3452CBE01A4004BBE01 /* HomeViewModel.swift */,
				2CD8C1C92CC6D1820063E89D /* MapViewModel.swift */,
			);
			path = ViewModels;
			sourceTree = "<group>";
		};
		2CD2B3442CBE0191004BBE01 /* Components */ = {
			isa = PBXGroup;
			children = (
				2CD2B3542CBED232004BBE01 /* Card.swift */,
				2CEA466E2CC1C357003C3BF0 /* TriangleView.swift */,
				2CEA46702CC1C811003C3BF0 /* CustomRoundedRectangle.swift */,
				456680D32CC38DD200D88681 /* BadgeScrollView.swift */,
				919A4F372CC6F31700532171 /* VisitaButton.swift */,
				2CD8C1C72CC6CB580063E89D /* CircleButtonView.swift */,
				912A8DBF2CEE8121005455A2 /* PopUpTagCorrectoIncorrecto.swift */,
			);
			path = Components;
			sourceTree = "<group>";
		};
		2CD2B34C2CBECCC4004BBE01 /* Classes */ = {
			isa = PBXGroup;
			children = (
				454995AD2CD02D6B00D8E464 /* ExhibicionObtenida.swift */,
				4519DFE12CC33A0000DF6E7F /* InsigniaObtenida.swift */,
				4519DFDF2CC339EF00DF6E7F /* Visita.swift */,
				4519DFDD2CC339BB00DF6E7F /* Insignia.swift */,
				2CD2B34D2CBECCD6004BBE01 /* Zona.swift */,
				2CD2B3522CBED0FC004BBE01 /* Evento.swift */,
				55056AB12CC4604200469742 /* Foto.swift */,
				55056AB32CC4622F00469742 /* Exhibicion.swift */,
				9188A6E82CCC5AC6008ADE1E /* Quiz.swift */,
				9112ED502CCDB57F004D0F33 /* ZonaResultadoQuiz.swift */,
				2CEB11402CD0C4210073C1C5 /* Pin.swift */,
				915EE1822CEBEDFB00540698 /* NFCTag.swift */,
				912A8DBD2CEE69CA005455A2 /* NFCTagsList.swift */,
			);
			path = Classes;
			sourceTree = "<group>";
		};
		2CD2B34F2CBECE3C004BBE01 /* Utils */ = {
			isa = PBXGroup;
			children = (
				4578281A2CEC690B00B24910 /* AddBackgroundImage.swift */,
				454994972CCDC94300D8E464 /* InstagramSharingUtils.swift */,
				45E6BB452CCB5E1B008F39A5 /* sortZonasByOrden.swift */,
				4519DFE32CC33A6100DF6E7F /* MockDataManager.swift */,
				9105D3F62CC1B90200B7CFD5 /* LoopingVideoPlayer.swift */,
				2CD2B3502CBECE48004BBE01 /* ColorExtension.swift */,
				2CD2B3562CBED59A004BBE01 /* Constants.swift */,
				2CD8C2A52CCB5ADF0063E89D /* LocationManager.swift */,
				917B08FD2CE2A2C900E7A9DB /* NFCReader.swift */,
			);
			path = Utils;
			sourceTree = "<group>";
		};
/* End PBXGroup section */

/* Begin PBXNativeTarget section */
		2C5D29992CBDD6E800EB3DB2 /* Papalote_MTY */ = {
			isa = PBXNativeTarget;
			buildConfigurationList = 2C5D29A82CBDD6EA00EB3DB2 /* Build configuration list for PBXNativeTarget "Papalote_MTY" */;
			buildPhases = (
				2C5D29962CBDD6E800EB3DB2 /* Sources */,
				2C5D29972CBDD6E800EB3DB2 /* Frameworks */,
				2C5D29982CBDD6E800EB3DB2 /* Resources */,
			);
			buildRules = (
			);
			dependencies = (
			);
			fileSystemSynchronizedGroups = (
				2CD8C2972CCB588E0063E89D /* MapView */,
				2CD8C29D2CCB589C0063E89D /* HomeView */,
				2CD8C2A12CCB58A30063E89D /* Layout */,
				454994942CCDADEE00D8E464 /* PhotosView */,
				456680D82CC38F1000D88681 /* BadgesView */,
				45E6BB812CCC6A4D008F39A5 /* SpecialEventView */,
				55056A702CC3306700469742 /* ZoneView */,
				9105D3F82CC1BE7B00B7CFD5 /* AssetsExtra */,
				911D02B92CC2FE4C00A820CF /* LandingViews */,
				9188A7062CCC5D6E008ADE1E /* QuizViews */,
				919A4F322CC6E73500532171 /* VisitsView */,
				91EDCBCE2CDAC078009081C6 /* NFCUnblockView */,
			);
			name = Papalote_MTY;
			productName = Papalote_MTY;
			productReference = 2C5D299A2CBDD6E800EB3DB2 /* Papalote_MTY.app */;
			productType = "com.apple.product-type.application";
		};
/* End PBXNativeTarget section */

/* Begin PBXProject section */
		2C5D29922CBDD6E800EB3DB2 /* Project object */ = {
			isa = PBXProject;
			attributes = {
				BuildIndependentTargetsInParallel = 1;
				LastSwiftUpdateCheck = 1520;
				LastUpgradeCheck = 1520;
				TargetAttributes = {
					2C5D29992CBDD6E800EB3DB2 = {
						CreatedOnToolsVersion = 15.2;
					};
				};
			};
			buildConfigurationList = 2C5D29952CBDD6E800EB3DB2 /* Build configuration list for PBXProject "Papalote_MTY" */;
			compatibilityVersion = "Xcode 14.0";
			developmentRegion = en;
			hasScannedForEncodings = 0;
			knownRegions = (
				en,
				Base,
			);
			mainGroup = 2C5D29912CBDD6E800EB3DB2;
			packageReferences = (
				912A8DC42CEFC9B0005455A2 /* XCRemoteSwiftPackageReference "SimpleToast" */,
			);
			productRefGroup = 2C5D299B2CBDD6E800EB3DB2 /* Products */;
			projectDirPath = "";
			projectRoot = "";
			targets = (
				2C5D29992CBDD6E800EB3DB2 /* Papalote_MTY */,
			);
		};
/* End PBXProject section */

/* Begin PBXResourcesBuildPhase section */
		2C5D29982CBDD6E800EB3DB2 /* Resources */ = {
			isa = PBXResourcesBuildPhase;
			buildActionMask = 2147483647;
			files = (
				2C5D29A52CBDD6EA00EB3DB2 /* Preview Assets.xcassets in Resources */,
				2C5D29A22CBDD6EA00EB3DB2 /* Assets.xcassets in Resources */,
			);
			runOnlyForDeploymentPostprocessing = 0;
		};
/* End PBXResourcesBuildPhase section */

/* Begin PBXSourcesBuildPhase section */
		2C5D29962CBDD6E800EB3DB2 /* Sources */ = {
			isa = PBXSourcesBuildPhase;
			buildActionMask = 2147483647;
			files = (
				2CD8C1CA2CC6D1820063E89D /* MapViewModel.swift in Sources */,
				456680D42CC38DD200D88681 /* BadgeScrollView.swift in Sources */,
				4578281B2CEC691800B24910 /* AddBackgroundImage.swift in Sources */,
				2CA6BB892CC2512F00CD5840 /* Papalote_MTYApp.swift in Sources */,
				2CA6BB882CC2508800CD5840 /* Papalote-MTY-Info.plist in Sources */,
				2CEB11412CD0C4210073C1C5 /* Pin.swift in Sources */,
				9105D3F72CC1B90200B7CFD5 /* LoopingVideoPlayer.swift in Sources */,
				2CD2B34E2CBECCD6004BBE01 /* Zona.swift in Sources */,
				2CD2B3572CBED59A004BBE01 /* Constants.swift in Sources */,
				4519DFE22CC33A0000DF6E7F /* InsigniaObtenida.swift in Sources */,
				912A8DBE2CEE69CA005455A2 /* NFCTagsList.swift in Sources */,
				912A8DC02CEE8121005455A2 /* PopUpTagCorrectoIncorrecto.swift in Sources */,
				55056AB22CC4604200469742 /* Foto.swift in Sources */,
				4519DFDE2CC339BB00DF6E7F /* Insignia.swift in Sources */,
				2C5D29A02CBDD6E800EB3DB2 /* MainView.swift in Sources */,
				9188A6E92CCC5AC6008ADE1E /* Quiz.swift in Sources */,
				2CEA46712CC1C811003C3BF0 /* CustomRoundedRectangle.swift in Sources */,
				4519DFE42CC33A6100DF6E7F /* MockDataManager.swift in Sources */,
				2CD2B3512CBECE48004BBE01 /* ColorExtension.swift in Sources */,
				454994982CCDC94300D8E464 /* InstagramSharingUtils.swift in Sources */,
				454995AE2CD02D7500D8E464 /* ExhibicionObtenida.swift in Sources */,
				2CD8C1C82CC6CB580063E89D /* CircleButtonView.swift in Sources */,
				2CD2B3532CBED0FC004BBE01 /* Evento.swift in Sources */,
				919A4F382CC6F31700532171 /* VisitaButton.swift in Sources */,
				2CD2B3552CBED232004BBE01 /* Card.swift in Sources */,
				9112ED512CCDB57F004D0F33 /* ZonaResultadoQuiz.swift in Sources */,
				45E6BB462CCB5E1B008F39A5 /* sortZonasByOrden.swift in Sources */,
				915EE1832CEBEDFB00540698 /* NFCTag.swift in Sources */,
				2CEA466F2CC1C357003C3BF0 /* TriangleView.swift in Sources */,
				2CD2B3462CBE01A4004BBE01 /* HomeViewModel.swift in Sources */,
				917B08FE2CE2A2C900E7A9DB /* NFCReader.swift in Sources */,
				55056AB42CC4622F00469742 /* Exhibicion.swift in Sources */,
				4519DFE02CC339EF00DF6E7F /* Visita.swift in Sources */,
				2CD8C2A62CCB5ADF0063E89D /* LocationManager.swift in Sources */,
			);
			runOnlyForDeploymentPostprocessing = 0;
		};
/* End PBXSourcesBuildPhase section */

/* Begin XCBuildConfiguration section */
		2C5D29A62CBDD6EA00EB3DB2 /* Debug */ = {
			isa = XCBuildConfiguration;
			buildSettings = {
				ALWAYS_SEARCH_USER_PATHS = NO;
				ASSETCATALOG_COMPILER_GENERATE_SWIFT_ASSET_SYMBOL_EXTENSIONS = YES;
				CLANG_ANALYZER_NONNULL = YES;
				CLANG_ANALYZER_NUMBER_OBJECT_CONVERSION = YES_AGGRESSIVE;
				CLANG_CXX_LANGUAGE_STANDARD = "gnu++20";
				CLANG_ENABLE_MODULES = YES;
				CLANG_ENABLE_OBJC_ARC = YES;
				CLANG_ENABLE_OBJC_WEAK = YES;
				CLANG_WARN_BLOCK_CAPTURE_AUTORELEASING = YES;
				CLANG_WARN_BOOL_CONVERSION = YES;
				CLANG_WARN_COMMA = YES;
				CLANG_WARN_CONSTANT_CONVERSION = YES;
				CLANG_WARN_DEPRECATED_OBJC_IMPLEMENTATIONS = YES;
				CLANG_WARN_DIRECT_OBJC_ISA_USAGE = YES_ERROR;
				CLANG_WARN_DOCUMENTATION_COMMENTS = YES;
				CLANG_WARN_EMPTY_BODY = YES;
				CLANG_WARN_ENUM_CONVERSION = YES;
				CLANG_WARN_INFINITE_RECURSION = YES;
				CLANG_WARN_INT_CONVERSION = YES;
				CLANG_WARN_NON_LITERAL_NULL_CONVERSION = YES;
				CLANG_WARN_OBJC_IMPLICIT_RETAIN_SELF = YES;
				CLANG_WARN_OBJC_LITERAL_CONVERSION = YES;
				CLANG_WARN_OBJC_ROOT_CLASS = YES_ERROR;
				CLANG_WARN_QUOTED_INCLUDE_IN_FRAMEWORK_HEADER = YES;
				CLANG_WARN_RANGE_LOOP_ANALYSIS = YES;
				CLANG_WARN_STRICT_PROTOTYPES = YES;
				CLANG_WARN_SUSPICIOUS_MOVE = YES;
				CLANG_WARN_UNGUARDED_AVAILABILITY = YES_AGGRESSIVE;
				CLANG_WARN_UNREACHABLE_CODE = YES;
				CLANG_WARN__DUPLICATE_METHOD_MATCH = YES;
				COPY_PHASE_STRIP = NO;
				DEBUG_INFORMATION_FORMAT = dwarf;
				ENABLE_STRICT_OBJC_MSGSEND = YES;
				ENABLE_TESTABILITY = YES;
				ENABLE_USER_SCRIPT_SANDBOXING = YES;
				GCC_C_LANGUAGE_STANDARD = gnu17;
				GCC_DYNAMIC_NO_PIC = NO;
				GCC_NO_COMMON_BLOCKS = YES;
				GCC_OPTIMIZATION_LEVEL = 0;
				GCC_PREPROCESSOR_DEFINITIONS = (
					"DEBUG=1",
					"$(inherited)",
				);
				GCC_WARN_64_TO_32_BIT_CONVERSION = YES;
				GCC_WARN_ABOUT_RETURN_TYPE = YES_ERROR;
				GCC_WARN_UNDECLARED_SELECTOR = YES;
				GCC_WARN_UNINITIALIZED_AUTOS = YES_AGGRESSIVE;
				GCC_WARN_UNUSED_FUNCTION = YES;
				GCC_WARN_UNUSED_VARIABLE = YES;
				IPHONEOS_DEPLOYMENT_TARGET = 17.2;
				LOCALIZATION_PREFERS_STRING_CATALOGS = YES;
				MTL_ENABLE_DEBUG_INFO = INCLUDE_SOURCE;
				MTL_FAST_MATH = YES;
				ONLY_ACTIVE_ARCH = YES;
				SDKROOT = iphoneos;
				SWIFT_ACTIVE_COMPILATION_CONDITIONS = "DEBUG $(inherited)";
				SWIFT_OPTIMIZATION_LEVEL = "-Onone";
			};
			name = Debug;
		};
		2C5D29A72CBDD6EA00EB3DB2 /* Release */ = {
			isa = XCBuildConfiguration;
			buildSettings = {
				ALWAYS_SEARCH_USER_PATHS = NO;
				ASSETCATALOG_COMPILER_GENERATE_SWIFT_ASSET_SYMBOL_EXTENSIONS = YES;
				CLANG_ANALYZER_NONNULL = YES;
				CLANG_ANALYZER_NUMBER_OBJECT_CONVERSION = YES_AGGRESSIVE;
				CLANG_CXX_LANGUAGE_STANDARD = "gnu++20";
				CLANG_ENABLE_MODULES = YES;
				CLANG_ENABLE_OBJC_ARC = YES;
				CLANG_ENABLE_OBJC_WEAK = YES;
				CLANG_WARN_BLOCK_CAPTURE_AUTORELEASING = YES;
				CLANG_WARN_BOOL_CONVERSION = YES;
				CLANG_WARN_COMMA = YES;
				CLANG_WARN_CONSTANT_CONVERSION = YES;
				CLANG_WARN_DEPRECATED_OBJC_IMPLEMENTATIONS = YES;
				CLANG_WARN_DIRECT_OBJC_ISA_USAGE = YES_ERROR;
				CLANG_WARN_DOCUMENTATION_COMMENTS = YES;
				CLANG_WARN_EMPTY_BODY = YES;
				CLANG_WARN_ENUM_CONVERSION = YES;
				CLANG_WARN_INFINITE_RECURSION = YES;
				CLANG_WARN_INT_CONVERSION = YES;
				CLANG_WARN_NON_LITERAL_NULL_CONVERSION = YES;
				CLANG_WARN_OBJC_IMPLICIT_RETAIN_SELF = YES;
				CLANG_WARN_OBJC_LITERAL_CONVERSION = YES;
				CLANG_WARN_OBJC_ROOT_CLASS = YES_ERROR;
				CLANG_WARN_QUOTED_INCLUDE_IN_FRAMEWORK_HEADER = YES;
				CLANG_WARN_RANGE_LOOP_ANALYSIS = YES;
				CLANG_WARN_STRICT_PROTOTYPES = YES;
				CLANG_WARN_SUSPICIOUS_MOVE = YES;
				CLANG_WARN_UNGUARDED_AVAILABILITY = YES_AGGRESSIVE;
				CLANG_WARN_UNREACHABLE_CODE = YES;
				CLANG_WARN__DUPLICATE_METHOD_MATCH = YES;
				COPY_PHASE_STRIP = NO;
				DEBUG_INFORMATION_FORMAT = "dwarf-with-dsym";
				ENABLE_NS_ASSERTIONS = NO;
				ENABLE_STRICT_OBJC_MSGSEND = YES;
				ENABLE_USER_SCRIPT_SANDBOXING = YES;
				GCC_C_LANGUAGE_STANDARD = gnu17;
				GCC_NO_COMMON_BLOCKS = YES;
				GCC_WARN_64_TO_32_BIT_CONVERSION = YES;
				GCC_WARN_ABOUT_RETURN_TYPE = YES_ERROR;
				GCC_WARN_UNDECLARED_SELECTOR = YES;
				GCC_WARN_UNINITIALIZED_AUTOS = YES_AGGRESSIVE;
				GCC_WARN_UNUSED_FUNCTION = YES;
				GCC_WARN_UNUSED_VARIABLE = YES;
				IPHONEOS_DEPLOYMENT_TARGET = 17.2;
				LOCALIZATION_PREFERS_STRING_CATALOGS = YES;
				MTL_ENABLE_DEBUG_INFO = NO;
				MTL_FAST_MATH = YES;
				SDKROOT = iphoneos;
				SWIFT_COMPILATION_MODE = wholemodule;
				VALIDATE_PRODUCT = YES;
			};
			name = Release;
		};
		2C5D29A92CBDD6EA00EB3DB2 /* Debug */ = {
			isa = XCBuildConfiguration;
			buildSettings = {
				ASSETCATALOG_COMPILER_APPICON_NAME = AppIcon;
				ASSETCATALOG_COMPILER_GLOBAL_ACCENT_COLOR_NAME = AccentColor;
				CODE_SIGN_ENTITLEMENTS = Papalote_MTY/Papalote_MTY.entitlements;
				CODE_SIGN_STYLE = Automatic;
				CURRENT_PROJECT_VERSION = 1;
				DEVELOPMENT_ASSET_PATHS = "\"Papalote_MTY/Preview Content\"";
				DEVELOPMENT_TEAM = FBFGPPRU68;
				ENABLE_PREVIEWS = YES;
				GENERATE_INFOPLIST_FILE = YES;
				INFOPLIST_FILE = "Papalote-MTY-Info.plist";
				INFOPLIST_KEY_NFCReaderUsageDescription = "This app uses NFC to read data from tags.";
				INFOPLIST_KEY_NSCameraUsageDescription = "Se necesita permiso ";
				INFOPLIST_KEY_NSFileProviderDomainUsageDescription = "";
				INFOPLIST_KEY_NSLocationWhenInUseUsageDescription = "La ubicación es necesaria para mostrarse en el mapa";
				INFOPLIST_KEY_NSPhotoLibraryAddUsageDescription = "This app requires access to your photo library to save and share photos.";
				INFOPLIST_KEY_UIApplicationSceneManifest_Generation = YES;
				INFOPLIST_KEY_UIApplicationSupportsIndirectInputEvents = YES;
				INFOPLIST_KEY_UILaunchScreen_Generation = YES;
				INFOPLIST_KEY_UISupportedInterfaceOrientations_iPad = "UIInterfaceOrientationPortrait UIInterfaceOrientationPortraitUpsideDown UIInterfaceOrientationLandscapeLeft UIInterfaceOrientationLandscapeRight";
				INFOPLIST_KEY_UISupportedInterfaceOrientations_iPhone = UIInterfaceOrientationPortrait;
				LD_RUNPATH_SEARCH_PATHS = (
					"$(inherited)",
					"@executable_path/Frameworks",
				);
				MARKETING_VERSION = 1.0;
				PRODUCT_BUNDLE_IDENTIFIER = "Papalote-MTYY";
				PRODUCT_NAME = "$(TARGET_NAME)";
				SWIFT_EMIT_LOC_STRINGS = YES;
				SWIFT_VERSION = 5.0;
				TARGETED_DEVICE_FAMILY = "1,2";
			};
			name = Debug;
		};
		2C5D29AA2CBDD6EA00EB3DB2 /* Release */ = {
			isa = XCBuildConfiguration;
			buildSettings = {
				ASSETCATALOG_COMPILER_APPICON_NAME = AppIcon;
				ASSETCATALOG_COMPILER_GLOBAL_ACCENT_COLOR_NAME = AccentColor;
				CODE_SIGN_ENTITLEMENTS = Papalote_MTY/Papalote_MTY.entitlements;
				CODE_SIGN_IDENTITY = "Apple Development";
				CODE_SIGN_STYLE = Automatic;
				CURRENT_PROJECT_VERSION = 1;
				DEVELOPMENT_ASSET_PATHS = "\"Papalote_MTY/Preview Content\"";
				DEVELOPMENT_TEAM = FBFGPPRU68;
				ENABLE_PREVIEWS = YES;
				GENERATE_INFOPLIST_FILE = YES;
				INFOPLIST_FILE = "Papalote-MTY-Info.plist";
				INFOPLIST_KEY_NFCReaderUsageDescription = "This app uses NFC to read data from tags.";
				INFOPLIST_KEY_NSCameraUsageDescription = "Se necesita permiso ";
				INFOPLIST_KEY_NSFileProviderDomainUsageDescription = "";
				INFOPLIST_KEY_NSLocationWhenInUseUsageDescription = "La ubicación es necesaria para mostrarse en el mapa";
				INFOPLIST_KEY_NSPhotoLibraryAddUsageDescription = "This app requires access to your photo library to save and share photos.";
				INFOPLIST_KEY_UIApplicationSceneManifest_Generation = YES;
				INFOPLIST_KEY_UIApplicationSupportsIndirectInputEvents = YES;
				INFOPLIST_KEY_UILaunchScreen_Generation = YES;
				INFOPLIST_KEY_UISupportedInterfaceOrientations_iPad = "UIInterfaceOrientationPortrait UIInterfaceOrientationPortraitUpsideDown UIInterfaceOrientationLandscapeLeft UIInterfaceOrientationLandscapeRight";
				INFOPLIST_KEY_UISupportedInterfaceOrientations_iPhone = UIInterfaceOrientationPortrait;
				LD_RUNPATH_SEARCH_PATHS = (
					"$(inherited)",
					"@executable_path/Frameworks",
				);
				MARKETING_VERSION = 1.0;
				PRODUCT_BUNDLE_IDENTIFIER = "Papalote-MTYY";
				PRODUCT_NAME = "$(TARGET_NAME)";
				PROVISIONING_PROFILE_SPECIFIER = "";
				SWIFT_EMIT_LOC_STRINGS = YES;
				SWIFT_VERSION = 5.0;
				TARGETED_DEVICE_FAMILY = "1,2";
			};
			name = Release;
		};
/* End XCBuildConfiguration section */

/* Begin XCConfigurationList section */
		2C5D29952CBDD6E800EB3DB2 /* Build configuration list for PBXProject "Papalote_MTY" */ = {
			isa = XCConfigurationList;
			buildConfigurations = (
				2C5D29A62CBDD6EA00EB3DB2 /* Debug */,
				2C5D29A72CBDD6EA00EB3DB2 /* Release */,
			);
			defaultConfigurationIsVisible = 0;
			defaultConfigurationName = Release;
		};
		2C5D29A82CBDD6EA00EB3DB2 /* Build configuration list for PBXNativeTarget "Papalote_MTY" */ = {
			isa = XCConfigurationList;
			buildConfigurations = (
				2C5D29A92CBDD6EA00EB3DB2 /* Debug */,
				2C5D29AA2CBDD6EA00EB3DB2 /* Release */,
			);
			defaultConfigurationIsVisible = 0;
			defaultConfigurationName = Release;
		};
/* End XCConfigurationList section */

/* Begin XCRemoteSwiftPackageReference section */
		912A8DC42CEFC9B0005455A2 /* XCRemoteSwiftPackageReference "SimpleToast" */ = {
			isa = XCRemoteSwiftPackageReference;
			repositoryURL = "https://github.com/sanzaru/SimpleToast.git";
			requirement = {
				kind = upToNextMajorVersion;
				minimumVersion = 0.10.1;
			};
		};
/* End XCRemoteSwiftPackageReference section */

/* Begin XCSwiftPackageProductDependency section */
		912A8DC52CEFC9B0005455A2 /* SimpleToast */ = {
			isa = XCSwiftPackageProductDependency;
			package = 912A8DC42CEFC9B0005455A2 /* XCRemoteSwiftPackageReference "SimpleToast" */;
			productName = SimpleToast;
		};
/* End XCSwiftPackageProductDependency section */
	};
	rootObject = 2C5D29922CBDD6E800EB3DB2 /* Project object */;
}
